
Microsoft Visual Studio Solution File, Format Version 12.00
# Visual Studio 15
VisualStudioVersion = 15.0.28307.438
MinimumVisualStudioVersion = 10.0.40219.1
Project("{8BC9CEB8-8B4A-11D0-8D11-00A0C91BC942}") = "OopTest", "OopTest\OopTest.vcxproj", "{A4D9C226-0F7F-46EE-B357-991D932ED1D5}"
EndProject
Global
	GlobalSection(SolutionConfigurationPlatforms) = preSolution
		Debug|x64 = Debug|x64
		Debug|x86 = Debug|x86
		Release|x64 = Release|x64
		Release|x86 = Release|x86
	EndGlobalSection
	GlobalSection(ProjectConfigurationPlatforms) = postSolution
		{A4D9C226-0F7F-46EE-B357-991D932ED1D5}.Debug|x64.ActiveCfg = Debug|x64
		{A4D9C226-0F7F-46EE-B357-991D932ED1D5}.Debug|x64.Build.0 = Debug|x64
		{A4D9C226-0F7F-46EE-B357-991D932ED1D5}.Debug|x86.ActiveCfg = Debug|Win32
		{A4D9C226-0F7F-46EE-B357-991D932ED1D5}.Debug|x86.Build.0 = Debug|Win32
		{A4D9C226-0F7F-46EE-B357-991D932ED1D5}.Release|x64.ActiveCfg = Release|x64
		{A4D9C226-0F7F-46EE-B357-991D932ED1D5}.Release|x64.Build.0 = Release|x64
		{A4D9C226-0F7F-46EE-B357-991D932ED1D5}.Release|x86.ActiveCfg = Release|Win32
		{A4D9C226-0F7F-46EE-B357-991D932ED1D5}.Release|x86.Build.0 = Release|Win32
	EndGlobalSection
	GlobalSection(SolutionProperties) = preSolution
		HideSolutionNode = FALSE
	EndGlobalSection
	GlobalSection(ExtensibilityGlobals) = postSolution
		SolutionGuid = {721D51B9-340D-4ADB-8716-1711A909512B}
	EndGlobalSection
EndGlobal
