
Microsoft Visual Studio Solution File, Format Version 12.00
# Visual Studio 15
VisualStudioVersion = 15.0.28307.438
MinimumVisualStudioVersion = 10.0.40219.1
Project("{8BC9CEB8-8B4A-11D0-8D11-00A0C91BC942}") = "OopTest2Training", "OopTest2Training\OopTest2Training.vcxproj", "{D83B8974-2377-451C-A2B3-7D5EC66F5085}"
EndProject
Global
	GlobalSection(SolutionConfigurationPlatforms) = preSolution
		Debug|x64 = Debug|x64
		Debug|x86 = Debug|x86
		Release|x64 = Release|x64
		Release|x86 = Release|x86
	EndGlobalSection
	GlobalSection(ProjectConfigurationPlatforms) = postSolution
		{D83B8974-2377-451C-A2B3-7D5EC66F5085}.Debug|x64.ActiveCfg = Debug|x64
		{D83B8974-2377-451C-A2B3-7D5EC66F5085}.Debug|x64.Build.0 = Debug|x64
		{D83B8974-2377-451C-A2B3-7D5EC66F5085}.Debug|x86.ActiveCfg = Debug|Win32
		{D83B8974-2377-451C-A2B3-7D5EC66F5085}.Debug|x86.Build.0 = Debug|Win32
		{D83B8974-2377-451C-A2B3-7D5EC66F5085}.Release|x64.ActiveCfg = Release|x64
		{D83B8974-2377-451C-A2B3-7D5EC66F5085}.Release|x64.Build.0 = Release|x64
		{D83B8974-2377-451C-A2B3-7D5EC66F5085}.Release|x86.ActiveCfg = Release|Win32
		{D83B8974-2377-451C-A2B3-7D5EC66F5085}.Release|x86.Build.0 = Release|Win32
	EndGlobalSection
	GlobalSection(SolutionProperties) = preSolution
		HideSolutionNode = FALSE
	EndGlobalSection
	GlobalSection(ExtensibilityGlobals) = postSolution
		SolutionGuid = {AEE04207-DD9A-484A-B469-F70EE4321F71}
	EndGlobalSection
EndGlobal
